
Microsoft Visual Studio Solution File, Format Version 12.00
# Visual Studio Version 17
VisualStudioVersion = 17.10.34928.147
MinimumVisualStudioVersion = 10.0.40219.1
Project("{FAE04EC0-301F-11D3-BF4B-00C04F79EFBC}") = "taskadonet3", "taskadonet3.csproj", "{49804FD0-7931-4F09-BCD6-CD170B900AB2}"
EndProject
Global
	GlobalSection(SolutionConfigurationPlatforms) = preSolution
		Debug|Any CPU = Debug|Any CPU
		Release|Any CPU = Release|Any CPU
	EndGlobalSection
	GlobalSection(ProjectConfigurationPlatforms) = postSolution
		{49804FD0-7931-4F09-BCD6-CD170B900AB2}.Debug|Any CPU.ActiveCfg = Debug|Any CPU
		{49804FD0-7931-4F09-BCD6-CD170B900AB2}.Debug|Any CPU.Build.0 = Debug|Any CPU
		{49804FD0-7931-4F09-BCD6-CD170B900AB2}.Release|Any CPU.ActiveCfg = Release|Any CPU
		{49804FD0-7931-4F09-BCD6-CD170B900AB2}.Release|Any CPU.Build.0 = Release|Any CPU
	EndGlobalSection
	GlobalSection(SolutionProperties) = preSolution
		HideSolutionNode = FALSE
	EndGlobalSection
	GlobalSection(ExtensibilityGlobals) = postSolution
		SolutionGuid = {AE1742A4-E3DC-41B7-B260-B47502B89A2D}
	EndGlobalSection
EndGlobal
